<?xml version="1.0" encoding="utf-8"?>
<Project ToolsVersion="4.0" xmlns="http://schemas.microsoft.com/developer/msbuild/2003">
  <ItemGroup>
    <ClCompile Include="src\Condition.cpp">
      <Filter>Source Files</Filter>
    </ClCompile>
    <ClCompile Include="src\DLL.cpp">
      <Filter>Source Files</Filter>
    </ClCompile>
    <ClCompile Include="src\Error.cpp">
      <Filter>Source Files</Filter>
    </ClCompile>
    <ClCompile Include="src\Mutex.cpp">
      <Filter>Source Files</Filter>
    </ClCompile>
    <ClCompile Include="src\Once.cpp">
      <Filter>Source Files</Filter>
    </ClCompile>
    <ClCompile Include="src\Thread.cpp">
      <Filter>Source Files</Filter>
    </ClCompile>
    <ClCompile Include="src\TLS.cpp">
      <Filter>Source Files</Filter>
    </ClCompile>
    <ClCompile Include="src\utf8.cpp">
      <Filter>Source Files</Filter>
    </ClCompile>
    <ClCompile Include="src\Win32.cpp">
      <Filter>Source Files</Filter>
    </ClCompile>
    <ClCompile Include="src\CmdArgs.cpp">
      <Filter>Source Files</Filter>
    </ClCompile>
    <ClCompile Include="src\Logger.cpp">
      <Filter>Source Files</Filter>
    </ClCompile>
    <ClCompile Include="src\tr24731.cpp">
      <Filter>Source Files</Filter>
    </ClCompile>
    <ClCompile Include="src\Timeout.cpp">
      <Filter>Source Files</Filter>
    </ClCompile>
    <ClCompile Include="src\Environment.cpp">
      <Filter>Source Files</Filter>
    </ClCompile>
    <ClCompile Include="src\ConfigFile.cpp">
      <Filter>Source Files</Filter>
    </ClCompile>
    <ClCompile Include="src\ArenaAllocator.cpp">
      <Filter>Source Files</Filter>
    </ClCompile>
    <ClCompile Include="src\Win32Debugger.cpp">
      <Filter>Source Files</Filter>
    </ClCompile>
    <ClCompile Include="src\Win32Security.cpp">
      <Filter>Source Files</Filter>
    </ClCompile>
    <ClCompile Include="src\ScratchAllocator.cpp">
      <Filter>Source Files</Filter>
    </ClCompile>
    <ClCompile Include="src\Builtins.cpp">
      <Filter>Source Files</Filter>
    </ClCompile>
    <ClCompile Include="src\File.cpp">
      <Filter>Source Files</Filter>
    </ClCompile>
    <ClCompile Include="src\Memory.cpp">
      <Filter>Source Files</Filter>
    </ClCompile>
    <ClCompile Include="src\Posix.cpp">
      <Filter>Source Files</Filter>
    </ClCompile>
    <ClCompile Include="src\Random.cpp">
      <Filter>Source Files</Filter>
    </ClCompile>
  </ItemGroup>
  <ItemGroup>
    <ClInclude Include="include\OOBase\Atomic.h">
      <Filter>Header Files</Filter>
    </ClInclude>
    <ClInclude Include="include\OOBase\BoundedQueue.h">
      <Filter>Header Files</Filter>
    </ClInclude>
    <ClInclude Include="include\OOBase\ByteSwap.h">
      <Filter>Header Files</Filter>
    </ClInclude>
    <ClInclude Include="include\OOBase\Cache.h">
      <Filter>Header Files</Filter>
    </ClInclude>
    <ClInclude Include="include\OOBase\Condition.h">
      <Filter>Header Files</Filter>
    </ClInclude>
    <ClInclude Include="include\OOBase\Destructor.h">
      <Filter>Header Files</Filter>
    </ClInclude>
    <ClInclude Include="include\OOBase\DLL.h">
      <Filter>Header Files</Filter>
    </ClInclude>
    <ClInclude Include="include\OOBase\HashTable.h">
      <Filter>Header Files</Filter>
    </ClInclude>
    <ClInclude Include="include\OOBase\Memory.h">
      <Filter>Header Files</Filter>
    </ClInclude>
    <ClInclude Include="include\OOBase\Mutex.h">
      <Filter>Header Files</Filter>
    </ClInclude>
    <ClInclude Include="include\OOBase\Once.h">
      <Filter>Header Files</Filter>
    </ClInclude>
    <ClInclude Include="include\OOBase\Posix.h">
      <Filter>Header Files</Filter>
    </ClInclude>
    <ClInclude Include="include\OOBase\Queue.h">
      <Filter>Header Files</Filter>
    </ClInclude>
    <ClInclude Include="include\OOBase\Singleton.h">
      <Filter>Header Files</Filter>
    </ClInclude>
    <ClInclude Include="include\OOBase\String.h">
      <Filter>Header Files</Filter>
    </ClInclude>
    <ClInclude Include="include\OOBase\Table.h">
      <Filter>Header Files</Filter>
    </ClInclude>
    <ClInclude Include="include\OOBase\Thread.h">
      <Filter>Header Files</Filter>
    </ClInclude>
    <ClInclude Include="include\OOBase\TLSSingleton.h">
      <Filter>Header Files</Filter>
    </ClInclude>
    <ClInclude Include="include\OOBase\utf8.h">
      <Filter>Header Files</Filter>
    </ClInclude>
    <ClInclude Include="include\OOBase\Win32.h">
      <Filter>Header Files</Filter>
    </ClInclude>
    <ClInclude Include="include\OOBase\CmdArgs.h">
      <Filter>Header Files</Filter>
    </ClInclude>
    <ClInclude Include="include\OOBase\Logger.h">
      <Filter>Header Files</Filter>
    </ClInclude>
    <ClInclude Include="include\OOBase\Set.h">
      <Filter>Header Files</Filter>
    </ClInclude>
    <ClInclude Include="include\OOBase\Timeout.h">
      <Filter>Header Files</Filter>
    </ClInclude>
    <ClInclude Include="include\OOBase\Environment.h">
      <Filter>Header Files</Filter>
    </ClInclude>
    <ClInclude Include="include\OOBase\ConfigFile.h">
      <Filter>Header Files</Filter>
    </ClInclude>
    <ClInclude Include="include\OOBase\StackAllocator.h">
      <Filter>Header Files</Filter>
    </ClInclude>
    <ClInclude Include="include\OOBase\ArenaAllocator.h">
      <Filter>Header Files</Filter>
    </ClInclude>
    <ClInclude Include="include\OOBase\Win32Security.h">
      <Filter>Header Files</Filter>
    </ClInclude>
    <ClInclude Include="include\OOBase\tr24731.h">
      <Filter>Header Files</Filter>
    </ClInclude>
    <ClInclude Include="include\OOBase\Vector.h">
      <Filter>Header Files</Filter>
    </ClInclude>
    <ClInclude Include="include\OOBase\AsyncResponse.h">
      <Filter>Header Files</Filter>
    </ClInclude>
    <ClInclude Include="include\OOBase\Base.h">
      <Filter>Header Files</Filter>
    </ClInclude>
    <ClInclude Include="include\OOBase\List.h">
      <Filter>Header Files</Filter>
    </ClInclude>
    <ClInclude Include="include\OOBase\File.h">
      <Filter>Header Files</Filter>
    </ClInclude>
    <ClInclude Include="include\OOBase\UniquePtr.h">
      <Filter>Header Files</Filter>
    </ClInclude>
    <ClInclude Include="include\OOBase\BTree.h">
      <Filter>Header Files</Filter>
    </ClInclude>
    <ClInclude Include="include\OOBase\Iterator.h">
      <Filter>Header Files</Filter>
    </ClInclude>
    <ClInclude Include="include\OOBase\ScopedArrayPtr.h">
      <Filter>Header Files</Filter>
    </ClInclude>
    <ClInclude Include="include\OOBase\SharedPtr.h">
      <Filter>Header Files</Filter>
    </ClInclude>
    <ClInclude Include="include\OOBase\SignalSlot.h">
      <Filter>Header Files</Filter>
    </ClInclude>
    <ClInclude Include="include\OOBase\Delegate.h">
      <Filter>Header Files</Filter>
    </ClInclude>
    <ClInclude Include="config-base.h" />
    <ClInclude Include="Win32Impl.h" />
    <ClInclude Include="include\OOBase\Morton.h">
      <Filter>Header Files</Filter>
    </ClInclude>
    <ClInclude Include="include\OOBase\Random.h">
      <Filter>Header Files</Filter>
    </ClInclude>
  </ItemGroup>
  <ItemGroup>
    <Filter Include="Header Files">
      <UniqueIdentifier>{3a07654b-11e6-4000-91e5-cb99e96585af}</UniqueIdentifier>
      <Extensions>
      </Extensions>
    </Filter>
    <Filter Include="Source Files">
      <UniqueIdentifier>{73972de7-cb18-4d58-a601-2cbf4ad77470}</UniqueIdentifier>
    </Filter>
  </ItemGroup>
</Project>