<?xml version="1.0" encoding="utf-8"?>
<Project ToolsVersion="4.0" xmlns="http://schemas.microsoft.com/developer/msbuild/2003">
  <ItemGroup>
    <ClCompile Include="BSDSocket.cpp">
      <Filter>Source Files</Filter>
    </ClCompile>
    <ClCompile Include="Buffer.cpp">
      <Filter>Source Files</Filter>
    </ClCompile>
    <ClCompile Include="Condition.cpp">
      <Filter>Source Files</Filter>
    </ClCompile>
    <ClCompile Include="DLL.cpp">
      <Filter>Source Files</Filter>
    </ClCompile>
    <ClCompile Include="Error.cpp">
      <Filter>Source Files</Filter>
    </ClCompile>
    <ClCompile Include="Memory.cpp">
      <Filter>Source Files</Filter>
    </ClCompile>
    <ClCompile Include="Mutex.cpp">
      <Filter>Source Files</Filter>
    </ClCompile>
    <ClCompile Include="Once.cpp">
      <Filter>Source Files</Filter>
    </ClCompile>
    <ClCompile Include="Posix.cpp">
      <Filter>Source Files</Filter>
    </ClCompile>
    <ClCompile Include="String.cpp">
      <Filter>Source Files</Filter>
    </ClCompile>
    <ClCompile Include="Thread.cpp">
      <Filter>Source Files</Filter>
    </ClCompile>
    <ClCompile Include="TLS.cpp">
      <Filter>Source Files</Filter>
    </ClCompile>
    <ClCompile Include="utf8.cpp">
      <Filter>Source Files</Filter>
    </ClCompile>
    <ClCompile Include="Win32.cpp">
      <Filter>Source Files</Filter>
    </ClCompile>
    <ClCompile Include="Win32Pipe.cpp">
      <Filter>Source Files</Filter>
    </ClCompile>
    <ClCompile Include="Win32Socket.cpp">
      <Filter>Source Files</Filter>
    </ClCompile>
    <ClCompile Include="CmdArgs.cpp">
      <Filter>Source Files</Filter>
    </ClCompile>
    <ClCompile Include="Logger.cpp">
      <Filter>Source Files</Filter>
    </ClCompile>
    <ClCompile Include="SecurityWin32.cpp">
      <Filter>Source Files</Filter>
    </ClCompile>
    <ClCompile Include="tr24731.cpp">
      <Filter>Source Files</Filter>
    </ClCompile>
    <ClCompile Include="Timeout.cpp">
      <Filter>Source Files</Filter>
    </ClCompile>
  </ItemGroup>
  <ItemGroup>
    <ClInclude Include="..\include\OOBase\Atomic.h">
      <Filter>Header Files</Filter>
    </ClInclude>
    <ClInclude Include="..\include\OOBase\BoundedQueue.h">
      <Filter>Header Files</Filter>
    </ClInclude>
    <ClInclude Include="..\include\OOBase\Buffer.h">
      <Filter>Header Files</Filter>
    </ClInclude>
    <ClInclude Include="..\include\OOBase\ByteSwap.h">
      <Filter>Header Files</Filter>
    </ClInclude>
    <ClInclude Include="..\include\OOBase\Cache.h">
      <Filter>Header Files</Filter>
    </ClInclude>
    <ClInclude Include="..\include\OOBase\CDRStream.h">
      <Filter>Header Files</Filter>
    </ClInclude>
    <ClInclude Include="..\include\OOBase\Condition.h">
      <Filter>Header Files</Filter>
    </ClInclude>
    <ClInclude Include="..\include\config-base.h">
      <Filter>Header Files</Filter>
    </ClInclude>
    <ClInclude Include="..\include\OOBase\Destructor.h">
      <Filter>Header Files</Filter>
    </ClInclude>
    <ClInclude Include="..\include\OOBase\DLL.h">
      <Filter>Header Files</Filter>
    </ClInclude>
    <ClInclude Include="..\include\OOBase\HandleTable.h">
      <Filter>Header Files</Filter>
    </ClInclude>
    <ClInclude Include="..\include\OOBase\HashTable.h">
      <Filter>Header Files</Filter>
    </ClInclude>
    <ClInclude Include="..\include\OOBase\Memory.h">
      <Filter>Header Files</Filter>
    </ClInclude>
    <ClInclude Include="..\include\OOBase\Mutex.h">
      <Filter>Header Files</Filter>
    </ClInclude>
    <ClInclude Include="..\include\OOBase\Once.h">
      <Filter>Header Files</Filter>
    </ClInclude>
    <ClInclude Include="..\include\oobase-msvc.h">
      <Filter>Header Files</Filter>
    </ClInclude>
    <ClInclude Include="..\include\OOBase\Posix.h">
      <Filter>Header Files</Filter>
    </ClInclude>
    <ClInclude Include="..\include\OOBase\Queue.h">
      <Filter>Header Files</Filter>
    </ClInclude>
    <ClInclude Include="..\include\OOBase\Singleton.h">
      <Filter>Header Files</Filter>
    </ClInclude>
    <ClInclude Include="..\include\OOBase\SmartPtr.h">
      <Filter>Header Files</Filter>
    </ClInclude>
    <ClInclude Include="..\include\OOBase\Socket.h">
      <Filter>Header Files</Filter>
    </ClInclude>
    <ClInclude Include="..\include\OOBase\Stack.h">
      <Filter>Header Files</Filter>
    </ClInclude>
    <ClInclude Include="..\include\OOBase\String.h">
      <Filter>Header Files</Filter>
    </ClInclude>
    <ClInclude Include="..\include\OOBase\Table.h">
      <Filter>Header Files</Filter>
    </ClInclude>
    <ClInclude Include="..\include\OOBase\Thread.h">
      <Filter>Header Files</Filter>
    </ClInclude>
    <ClInclude Include="..\include\OOBase\TLSSingleton.h">
      <Filter>Header Files</Filter>
    </ClInclude>
    <ClInclude Include="..\include\OOBase\utf8.h">
      <Filter>Header Files</Filter>
    </ClInclude>
    <ClInclude Include="..\include\OOBase\Win32.h">
      <Filter>Header Files</Filter>
    </ClInclude>
    <ClInclude Include="BSDSocket.h">
      <Filter>Source Files</Filter>
    </ClInclude>
    <ClInclude Include="Win32Impl.h">
      <Filter>Source Files</Filter>
    </ClInclude>
    <ClInclude Include="Win32Socket.h">
      <Filter>Source Files</Filter>
    </ClInclude>
    <ClInclude Include="..\include\OOBase\CmdArgs.h">
      <Filter>Header Files</Filter>
    </ClInclude>
    <ClInclude Include="..\include\OOBase\GlobalNew.h">
      <Filter>Header Files</Filter>
    </ClInclude>
    <ClInclude Include="..\include\OOBase\Logger.h">
      <Filter>Header Files</Filter>
    </ClInclude>
    <ClInclude Include="..\include\OOBase\RefCount.h">
      <Filter>Header Files</Filter>
    </ClInclude>
    <ClInclude Include="..\include\OOBase\SecurityWin32.h">
      <Filter>Header Files</Filter>
    </ClInclude>
    <ClInclude Include="..\include\OOBase\Set.h">
      <Filter>Header Files</Filter>
    </ClInclude>
    <ClInclude Include="tr24731.h">
      <Filter>Source Files</Filter>
    </ClInclude>
    <ClInclude Include="..\include\OOBase\Timeout.h">
      <Filter>Header Files</Filter>
    </ClInclude>
  </ItemGroup>
  <ItemGroup>
    <Filter Include="Header Files">
      <UniqueIdentifier>{3a07654b-11e6-4000-91e5-cb99e96585af}</UniqueIdentifier>
      <Extensions>
      </Extensions>
    </Filter>
    <Filter Include="Source Files">
      <UniqueIdentifier>{73972de7-cb18-4d58-a601-2cbf4ad77470}</UniqueIdentifier>
    </Filter>
  </ItemGroup>
</Project>