<?xml version="1.0" encoding="utf-8"?>
<Project ToolsVersion="4.0" xmlns="http://schemas.microsoft.com/developer/msbuild/2003">
  <ItemGroup>
    <ClCompile Include="Proactor.cpp">
      <Filter>Source Files</Filter>
    </ClCompile>
    <ClCompile Include="ProactorWin32.cpp">
      <Filter>Source Files</Filter>
    </ClCompile>
    <ClCompile Include="ProactorWin32Pipe.cpp">
      <Filter>Source Files</Filter>
    </ClCompile>
    <ClCompile Include="ProactorWin32Socket.cpp">
      <Filter>Source Files</Filter>
    </ClCompile>
    <ClCompile Include="ProactorPoll.cpp">
      <Filter>Source Files</Filter>
    </ClCompile>
    <ClCompile Include="ProactorPosix.cpp">
      <Filter>Source Files</Filter>
    </ClCompile>
    <ClCompile Include="ProactorPosixSocket.cpp">
      <Filter>Source Files</Filter>
    </ClCompile>
  </ItemGroup>
  <ItemGroup>
    <ClInclude Include="..\include\config-base.h">
      <Filter>Header Files</Filter>
    </ClInclude>
    <ClInclude Include="..\include\oobase-msvc.h">
      <Filter>Header Files</Filter>
    </ClInclude>
    <ClInclude Include="..\include\OOSvrBase\Proactor.h">
      <Filter>Header Files</Filter>
    </ClInclude>
    <ClInclude Include="ProactorWin32.h">
      <Filter>Source Files</Filter>
    </ClInclude>
    <ClInclude Include="ProactorPoll.h">
      <Filter>Source Files</Filter>
    </ClInclude>
    <ClInclude Include="ProactorPosix.h">
      <Filter>Source Files</Filter>
    </ClInclude>
  </ItemGroup>
  <ItemGroup>
    <Filter Include="Header Files">
      <UniqueIdentifier>{938617f3-2ca9-4402-a5d6-66296aea17a2}</UniqueIdentifier>
    </Filter>
    <Filter Include="Source Files">
      <UniqueIdentifier>{692eb30a-7001-4495-85da-b39ee9359473}</UniqueIdentifier>
    </Filter>
  </ItemGroup>
</Project>